
Microsoft Visual Studio Solution File, Format Version 12.00
# Visual Studio 14
VisualStudioVersion = 14.0.25420.1
MinimumVisualStudioVersion = 10.0.40219.1
Project("{FAE04EC0-301F-11D3-BF4B-00C04F79EFBC}") = "HomeTube", "App1\HomeTube.csproj", "{2B489729-FF34-49DA-876A-0BFB92ED8F7D}"
EndProject
Project("{FAE04EC0-301F-11D3-BF4B-00C04F79EFBC}") = "Common", "App2\Common.csproj", "{90B1399D-058E-4476-9F7F-9E1ECCFCB330}"
EndProject
Global
	GlobalSection(SolutionConfigurationPlatforms) = preSolution
		Debug|ARM = Debug|ARM
		Debug|x64 = Debug|x64
		Debug|x86 = Debug|x86
		Release|ARM = Release|ARM
		Release|x64 = Release|x64
		Release|x86 = Release|x86
	EndGlobalSection
	GlobalSection(ProjectConfigurationPlatforms) = postSolution
		{2B489729-FF34-49DA-876A-0BFB92ED8F7D}.Debug|ARM.ActiveCfg = Debug|ARM
		{2B489729-FF34-49DA-876A-0BFB92ED8F7D}.Debug|ARM.Build.0 = Debug|ARM
		{2B489729-FF34-49DA-876A-0BFB92ED8F7D}.Debug|ARM.Deploy.0 = Debug|ARM
		{2B489729-FF34-49DA-876A-0BFB92ED8F7D}.Debug|x64.ActiveCfg = Debug|x64
		{2B489729-FF34-49DA-876A-0BFB92ED8F7D}.Debug|x64.Build.0 = Debug|x64
		{2B489729-FF34-49DA-876A-0BFB92ED8F7D}.Debug|x64.Deploy.0 = Debug|x64
		{2B489729-FF34-49DA-876A-0BFB92ED8F7D}.Debug|x86.ActiveCfg = Debug|x86
		{2B489729-FF34-49DA-876A-0BFB92ED8F7D}.Debug|x86.Build.0 = Debug|x86
		{2B489729-FF34-49DA-876A-0BFB92ED8F7D}.Debug|x86.Deploy.0 = Debug|x86
		{2B489729-FF34-49DA-876A-0BFB92ED8F7D}.Release|ARM.ActiveCfg = Release|ARM
		{2B489729-FF34-49DA-876A-0BFB92ED8F7D}.Release|ARM.Build.0 = Release|ARM
		{2B489729-FF34-49DA-876A-0BFB92ED8F7D}.Release|ARM.Deploy.0 = Release|ARM
		{2B489729-FF34-49DA-876A-0BFB92ED8F7D}.Release|x64.ActiveCfg = Release|x64
		{2B489729-FF34-49DA-876A-0BFB92ED8F7D}.Release|x64.Build.0 = Release|x64
		{2B489729-FF34-49DA-876A-0BFB92ED8F7D}.Release|x64.Deploy.0 = Release|x64
		{2B489729-FF34-49DA-876A-0BFB92ED8F7D}.Release|x86.ActiveCfg = Release|x86
		{2B489729-FF34-49DA-876A-0BFB92ED8F7D}.Release|x86.Build.0 = Release|x86
		{2B489729-FF34-49DA-876A-0BFB92ED8F7D}.Release|x86.Deploy.0 = Release|x86
		{90B1399D-058E-4476-9F7F-9E1ECCFCB330}.Debug|ARM.ActiveCfg = Debug|ARM
		{90B1399D-058E-4476-9F7F-9E1ECCFCB330}.Debug|ARM.Build.0 = Debug|ARM
		{90B1399D-058E-4476-9F7F-9E1ECCFCB330}.Debug|ARM.Deploy.0 = Debug|ARM
		{90B1399D-058E-4476-9F7F-9E1ECCFCB330}.Debug|x64.ActiveCfg = Debug|x64
		{90B1399D-058E-4476-9F7F-9E1ECCFCB330}.Debug|x64.Build.0 = Debug|x64
		{90B1399D-058E-4476-9F7F-9E1ECCFCB330}.Debug|x64.Deploy.0 = Debug|x64
		{90B1399D-058E-4476-9F7F-9E1ECCFCB330}.Debug|x86.ActiveCfg = Debug|x86
		{90B1399D-058E-4476-9F7F-9E1ECCFCB330}.Debug|x86.Build.0 = Debug|x86
		{90B1399D-058E-4476-9F7F-9E1ECCFCB330}.Debug|x86.Deploy.0 = Debug|x86
		{90B1399D-058E-4476-9F7F-9E1ECCFCB330}.Release|ARM.ActiveCfg = Release|ARM
		{90B1399D-058E-4476-9F7F-9E1ECCFCB330}.Release|ARM.Build.0 = Release|ARM
		{90B1399D-058E-4476-9F7F-9E1ECCFCB330}.Release|ARM.Deploy.0 = Release|ARM
		{90B1399D-058E-4476-9F7F-9E1ECCFCB330}.Release|x64.ActiveCfg = Release|x64
		{90B1399D-058E-4476-9F7F-9E1ECCFCB330}.Release|x64.Build.0 = Release|x64
		{90B1399D-058E-4476-9F7F-9E1ECCFCB330}.Release|x64.Deploy.0 = Release|x64
		{90B1399D-058E-4476-9F7F-9E1ECCFCB330}.Release|x86.ActiveCfg = Release|x86
		{90B1399D-058E-4476-9F7F-9E1ECCFCB330}.Release|x86.Build.0 = Release|x86
		{90B1399D-058E-4476-9F7F-9E1ECCFCB330}.Release|x86.Deploy.0 = Release|x86
	EndGlobalSection
	GlobalSection(SolutionProperties) = preSolution
		HideSolutionNode = FALSE
	EndGlobalSection
EndGlobal
